{
    "_meta": {
        "hash": {
            "sha256": "fa1fcb745a62484fc35dc0acf8d632adfdf9cccea8c28e55c278a67206f550e7"
        },
        "host-environment-markers": {
            "implementation_name": "cpython",
            "implementation_version": "3.6.4",
            "os_name": "posix",
            "platform_machine": "x86_64",
            "platform_python_implementation": "CPython",
            "platform_release": "17.3.0",
            "platform_system": "Darwin",
            "platform_version": "Darwin Kernel Version 17.3.0: Thu Nov  9 18:09:22 PST 2017; root:xnu-4570.31.3~1/RELEASE_X86_64",
            "python_full_version": "3.6.4",
            "python_version": "3.6",
            "sys_platform": "darwin"
        },
        "pipfile-spec": 6,
        "requires": {
            "python_version": "3.6"
        },
        "sources": [
            {
                "name": "pypi",
                "url": "http://mirrors.aliyun.com/pypi/simple/",
                "verify_ssl": false
            }
        ]
    },
    "default": {
        "asgiref": {
            "hashes": [],
            "version": "==1.1.2"
        },
        "attrs": {
            "hashes": [],
            "version": "==17.4.0"
        },
        "autobahn": {
            "hashes": [],
            "version": "==17.10.1"
        },
        "automat": {
            "hashes": [],
            "version": "==0.6.0"
        },
        "channels": {
            "hashes": [],
            "version": "==1.1.8"
        },
        "constantly": {
            "hashes": [],
            "version": "==15.1.0"
        },
        "daphne": {
            "hashes": [],
            "version": "==1.4.2"
        },
        "django": {
            "hashes": [],
            "version": "==1.11.9"
        },
        "django-appconf": {
            "hashes": [],
            "version": "==1.0.2"
        },
        "django-attachments": {
            "hashes": [],
            "version": "==1.3"
        },
        "django-baker": {
            "hashes": [],
            "version": "==0.21"
        },
        "django-ckeditor": {
            "hashes": [],
            "version": "==5.4.0"
        },
        "django-compressor": {
            "hashes": [],
            "version": "==2.2"
        },
        "django-debug-toolbar": {
            "hashes": [],
            "version": "==1.9.1"
        },
        "django-filebrowser": {
            "hashes": [],
            "version": "==3.9.1"
        },
        "django-filer": {
            "hashes": [],
            "version": "==1.3.0"
        },
        "django-grappelli": {
            "hashes": [],
            "version": "==2.10.2"
        },
        "django-guardian": {
            "hashes": [],
            "version": "==1.4.1"
        },
        "django-js-asset": {
            "hashes": [],
            "version": "==1.0.0"
        },
        "django-mptt": {
            "hashes": [],
            "version": "==0.8.7"
        },
        "django-pagination": {
            "hashes": [],
            "version": "==1.0.7"
        },
        "django-polymorphic": {
            "hashes": [],
            "version": "==1.3"
        },
        "django-select2": {
            "hashes": [],
            "version": "==6.0.1"
        },
        "django-suit": {
            "hashes": [],
            "version": "==0.2.25"
        },
        "django-suit-ckeditor": {
            "hashes": [],
            "version": "==0.0.2"
        },
        "django-suit-redactor": {
            "hashes": [],
            "version": "==0.0.4"
        },
        "django-taggit": {
            "hashes": [],
            "version": "==0.22.2"
        },
        "django-taggit-templatetags": {
            "hashes": [],
            "version": "==0.2.5"
        },
        "django-templatetag-sugar": {
            "hashes": [],
            "version": "==1.0"
        },
        "django-userena": {
            "hashes": [],
            "version": "==2.0.1"
        },
        "easy-thumbnails": {
            "hashes": [],
            "version": "==2.4.2"
        },
        "gevent": {
            "hashes": [],
            "version": "==1.2.2"
        },
        "greenlet": {
            "hashes": [],
            "version": "==0.4.12"
        },
        "gunicorn": {
            "hashes": [],
            "version": "==19.7.1"
        },
        "html2text": {
            "hashes": [],
            "version": "==2014.12.29"
        },
        "hyperlink": {
            "hashes": [],
            "version": "==17.3.1"
        },
        "incremental": {
            "hashes": [],
            "version": "==17.5.0"
        },
        "markdown": {
            "hashes": [],
            "version": "==2.6.11"
        },
        "pillow": {
            "hashes": [],
            "version": "==5.0.0"
        },
        "pygments": {
            "hashes": [],
            "version": "==2.2.0"
        },
        "pytz": {
            "hashes": [],
            "version": "==2017.3"
        },
        "rcssmin": {
            "hashes": [],
            "version": "==1.0.6"
        },
        "rjsmin": {
            "hashes": [],
            "version": "==1.0.12"
        },
        "six": {
            "hashes": [],
            "version": "==1.11.0"
        },
        "sqlparse": {
            "hashes": [],
            "version": "==0.2.4"
        },
        "twisted": {
            "hashes": [],
            "version": "==17.9.0"
        },
        "txaio": {
            "hashes": [],
            "version": "==2.8.2"
        },
        "unidecode": {
            "hashes": [],
            "version": "==0.4.21"
        },
        "whitenoise": {
            "hashes": [],
            "version": "==3.3.1"
        },
        "zope.interface": {
            "hashes": [],
            "version": "==4.4.3"
        }
    },
    "develop": {}
}
